
Microsoft Visual Studio Solution File, Format Version 12.00
# Visual Studio Version 16
VisualStudioVersion = 16.0.31702.278
MinimumVisualStudioVersion = 10.0.40219.1
Project("{FAE04EC0-301F-11D3-BF4B-00C04F79EFBC}") = "Task3.1", "Task3.1\Task3.1.csproj", "{8AA1D765-0234-4841-AFFD-43468CEE93E7}"
EndProject
Project("{FAE04EC0-301F-11D3-BF4B-00C04F79EFBC}") = "Task3.2", "Task3.2\Task3.2.csproj", "{5AB6C65B-BC7C-4E09-8015-968670DBC986}"
EndProject
Project("{FAE04EC0-301F-11D3-BF4B-00C04F79EFBC}") = "Task3.3", "Task3.3\Task3.3.csproj", "{8FEA97D0-D465-4A11-8AD6-5CF635F9B14F}"
EndProject
Global
	GlobalSection(SolutionConfigurationPlatforms) = preSolution
		Debug|Any CPU = Debug|Any CPU
		Release|Any CPU = Release|Any CPU
	EndGlobalSection
	GlobalSection(ProjectConfigurationPlatforms) = postSolution
		{8AA1D765-0234-4841-AFFD-43468CEE93E7}.Debug|Any CPU.ActiveCfg = Debug|Any CPU
		{8AA1D765-0234-4841-AFFD-43468CEE93E7}.Debug|Any CPU.Build.0 = Debug|Any CPU
		{8AA1D765-0234-4841-AFFD-43468CEE93E7}.Release|Any CPU.ActiveCfg = Release|Any CPU
		{8AA1D765-0234-4841-AFFD-43468CEE93E7}.Release|Any CPU.Build.0 = Release|Any CPU
		{5AB6C65B-BC7C-4E09-8015-968670DBC986}.Debug|Any CPU.ActiveCfg = Debug|Any CPU
		{5AB6C65B-BC7C-4E09-8015-968670DBC986}.Debug|Any CPU.Build.0 = Debug|Any CPU
		{5AB6C65B-BC7C-4E09-8015-968670DBC986}.Release|Any CPU.ActiveCfg = Release|Any CPU
		{5AB6C65B-BC7C-4E09-8015-968670DBC986}.Release|Any CPU.Build.0 = Release|Any CPU
		{8FEA97D0-D465-4A11-8AD6-5CF635F9B14F}.Debug|Any CPU.ActiveCfg = Debug|Any CPU
		{8FEA97D0-D465-4A11-8AD6-5CF635F9B14F}.Debug|Any CPU.Build.0 = Debug|Any CPU
		{8FEA97D0-D465-4A11-8AD6-5CF635F9B14F}.Release|Any CPU.ActiveCfg = Release|Any CPU
		{8FEA97D0-D465-4A11-8AD6-5CF635F9B14F}.Release|Any CPU.Build.0 = Release|Any CPU
	EndGlobalSection
	GlobalSection(SolutionProperties) = preSolution
		HideSolutionNode = FALSE
	EndGlobalSection
	GlobalSection(ExtensibilityGlobals) = postSolution
		SolutionGuid = {F5323E65-680F-4591-B0F5-C7FBE726C6DE}
	EndGlobalSection
EndGlobal
